
Microsoft Visual Studio Solution File, Format Version 12.00
# Visual Studio 15
VisualStudioVersion = 15.0.26430.16
MinimumVisualStudioVersion = 10.0.40219.1
Project("{FAE04EC0-301F-11D3-BF4B-00C04F79EFBC}") = "Common", "..\Common\Common.csproj", "{2818A51F-3170-45AD-BB23-2EC6432D172B}"
EndProject
Project("{FAE04EC0-301F-11D3-BF4B-00C04F79EFBC}") = "Model", "Model\Model.csproj", "{7AF9BC68-D4F9-4E70-8C99-6368D9843581}"
EndProject
Project("{FAE04EC0-301F-11D3-BF4B-00C04F79EFBC}") = "Data", "Data\Data.csproj", "{CE9FE5BC-3FD7-4D1F-A40C-FBF98D479439}"
EndProject
Project("{FAE04EC0-301F-11D3-BF4B-00C04F79EFBC}") = "Service", "Service\Service.csproj", "{CADD8392-DE04-4999-87F6-C0E9FAF96464}"
EndProject
Project("{FAE04EC0-301F-11D3-BF4B-00C04F79EFBC}") = "BuildComercial_Web", "BuildComercial_Web\BuildComercial_Web.csproj", "{6A32C575-9C11-4B6E-A023-1FDB286F0564}"
EndProject
Project("{FAE04EC0-301F-11D3-BF4B-00C04F79EFBC}") = "TestCase", "TestCase\TestCase.csproj", "{3E2A8CFC-A2B8-470A-9694-443ED4EADB6B}"
EndProject
Global
	GlobalSection(SolutionConfigurationPlatforms) = preSolution
		Debug|Any CPU = Debug|Any CPU
		Release|Any CPU = Release|Any CPU
	EndGlobalSection
	GlobalSection(ProjectConfigurationPlatforms) = postSolution
		{2818A51F-3170-45AD-BB23-2EC6432D172B}.Debug|Any CPU.ActiveCfg = Debug|Any CPU
		{2818A51F-3170-45AD-BB23-2EC6432D172B}.Debug|Any CPU.Build.0 = Debug|Any CPU
		{2818A51F-3170-45AD-BB23-2EC6432D172B}.Release|Any CPU.ActiveCfg = Release|Any CPU
		{2818A51F-3170-45AD-BB23-2EC6432D172B}.Release|Any CPU.Build.0 = Release|Any CPU
		{7AF9BC68-D4F9-4E70-8C99-6368D9843581}.Debug|Any CPU.ActiveCfg = Debug|Any CPU
		{7AF9BC68-D4F9-4E70-8C99-6368D9843581}.Debug|Any CPU.Build.0 = Debug|Any CPU
		{7AF9BC68-D4F9-4E70-8C99-6368D9843581}.Release|Any CPU.ActiveCfg = Release|Any CPU
		{7AF9BC68-D4F9-4E70-8C99-6368D9843581}.Release|Any CPU.Build.0 = Release|Any CPU
		{CE9FE5BC-3FD7-4D1F-A40C-FBF98D479439}.Debug|Any CPU.ActiveCfg = Debug|Any CPU
		{CE9FE5BC-3FD7-4D1F-A40C-FBF98D479439}.Debug|Any CPU.Build.0 = Debug|Any CPU
		{CE9FE5BC-3FD7-4D1F-A40C-FBF98D479439}.Release|Any CPU.ActiveCfg = Release|Any CPU
		{CE9FE5BC-3FD7-4D1F-A40C-FBF98D479439}.Release|Any CPU.Build.0 = Release|Any CPU
		{CADD8392-DE04-4999-87F6-C0E9FAF96464}.Debug|Any CPU.ActiveCfg = Debug|Any CPU
		{CADD8392-DE04-4999-87F6-C0E9FAF96464}.Debug|Any CPU.Build.0 = Debug|Any CPU
		{CADD8392-DE04-4999-87F6-C0E9FAF96464}.Release|Any CPU.ActiveCfg = Release|Any CPU
		{CADD8392-DE04-4999-87F6-C0E9FAF96464}.Release|Any CPU.Build.0 = Release|Any CPU
		{6A32C575-9C11-4B6E-A023-1FDB286F0564}.Debug|Any CPU.ActiveCfg = Debug|Any CPU
		{6A32C575-9C11-4B6E-A023-1FDB286F0564}.Debug|Any CPU.Build.0 = Debug|Any CPU
		{6A32C575-9C11-4B6E-A023-1FDB286F0564}.Release|Any CPU.ActiveCfg = Release|Any CPU
		{6A32C575-9C11-4B6E-A023-1FDB286F0564}.Release|Any CPU.Build.0 = Release|Any CPU
		{3E2A8CFC-A2B8-470A-9694-443ED4EADB6B}.Debug|Any CPU.ActiveCfg = Debug|Any CPU
		{3E2A8CFC-A2B8-470A-9694-443ED4EADB6B}.Debug|Any CPU.Build.0 = Debug|Any CPU
		{3E2A8CFC-A2B8-470A-9694-443ED4EADB6B}.Release|Any CPU.ActiveCfg = Release|Any CPU
		{3E2A8CFC-A2B8-470A-9694-443ED4EADB6B}.Release|Any CPU.Build.0 = Release|Any CPU
	EndGlobalSection
	GlobalSection(SolutionProperties) = preSolution
		HideSolutionNode = FALSE
	EndGlobalSection
EndGlobal
